PODS:
  - ABPadLockScreen (3.1.0)
  - AFNetworking (1.3.4)
  - ASIHTTPRequest (1.8.2):
    - ASIHTTPRequest/ASIWebPageRequest (= 1.8.2)
    - ASIHTTPRequest/CloudFiles (= 1.8.2)
    - ASIHTTPRequest/Core (= 1.8.2)
    - ASIHTTPRequest/S3 (= 1.8.2)
  - ASIHTTPRequest/ASIWebPageRequest (1.8.2):
    - ASIHTTPRequest/Core
  - ASIHTTPRequest/CloudFiles (1.8.2):
    - ASIHTTPRequest/Core
  - ASIHTTPRequest/Core (1.8.2):
    - Reachability
  - ASIHTTPRequest/S3 (1.8.2):
    - ASIHTTPRequest/Core
  - Crashlytics (3.14.0):
    - Fabric (~> 1.10.2)
  - DateTools (1.3.0)
  - Fabric (1.10.2)
  - Firebase/Analytics (4.13.0):
    - Firebase/Core
  - Firebase/Core (4.13.0):
    - FirebaseAnalytics (= 4.2.0)
    - FirebaseCore (= 4.0.20)
  - FirebaseAnalytics (4.2.0):
    - FirebaseCore (~> 4.0)
    - FirebaseInstanceID (~> 2.0)
    - "GoogleToolboxForMac/NSData+zlib (~> 2.1)"
    - nanopb (~> 0.3)
  - FirebaseCore (4.0.20):
    - "GoogleToolboxForMac/NSData+zlib (~> 2.1)"
  - FirebaseInstanceID (2.0.10):
    - FirebaseCore (~> 4.0)
  - GoogleToolboxForMac/Defines (2.1.4)
  - "GoogleToolboxForMac/NSData+zlib (2.1.4)":
    - GoogleToolboxForMac/Defines (= 2.1.4)
  - HexColors (2.2.1)
  - IGFuture (0.2.2)
  - Kiwi/ARC (2.2.4)
  - Kiwi/NonARC (2.2.4)
  - Kiwi/XCTest (2.2.4):
    - Kiwi/ARC
    - Kiwi/NonARC
  - libextobjc (0.4):
    - libextobjc/EXTADT (= 0.4)
    - libextobjc/EXTConcreteProtocol (= 0.4)
    - libextobjc/EXTKeyPathCoding (= 0.4)
    - libextobjc/EXTNil (= 0.4)
    - libextobjc/EXTSafeCategory (= 0.4)
    - libextobjc/EXTScope (= 0.4)
    - libextobjc/EXTSelectorChecking (= 0.4)
    - libextobjc/EXTSynthesize (= 0.4)
    - "libextobjc/NSInvocation+EXT (= 0.4)"
    - "libextobjc/NSMethodSignature+EXT (= 0.4)"
    - libextobjc/RuntimeExtensions (= 0.4)
    - libextobjc/UmbrellaHeader (= 0.4)
  - libextobjc/EXTADT (0.4):
    - libextobjc/RuntimeExtensions
  - libextobjc/EXTConcreteProtocol (0.4):
    - libextobjc/RuntimeExtensions
  - libextobjc/EXTKeyPathCoding (0.4):
    - libextobjc/RuntimeExtensions
  - libextobjc/EXTNil (0.4):
    - libextobjc/RuntimeExtensions
  - libextobjc/EXTSafeCategory (0.4):
    - libextobjc/RuntimeExtensions
  - libextobjc/EXTScope (0.4):
    - libextobjc/RuntimeExtensions
  - libextobjc/EXTSelectorChecking (0.4):
    - libextobjc/RuntimeExtensions
  - libextobjc/EXTSynthesize (0.4):
    - libextobjc/RuntimeExtensions
  - "libextobjc/NSInvocation+EXT (0.4)":
    - libextobjc/RuntimeExtensions
  - "libextobjc/NSMethodSignature+EXT (0.4)":
    - libextobjc/RuntimeExtensions
  - libextobjc/RuntimeExtensions (0.4)
  - libextobjc/UmbrellaHeader (0.4)
  - LRResty (0.11.0):
    - "NSData+Base64 (~> 1.0)"
  - M13Checkbox (1.1.0)
  - MBProgressHUD (0.8)
  - nanopb (0.3.9011):
    - nanopb/decode (= 0.3.9011)
    - nanopb/encode (= 0.3.9011)
  - nanopb/decode (0.3.9011)
  - nanopb/encode (0.3.9011)
  - "NSData+Base64 (1.0.0)"
  - Reachability (3.1.1)
  - ReactiveCocoa (2.1.8):
    - ReactiveCocoa/Core (= 2.1.8)
    - ReactiveCocoa/no-arc (= 2.1.8)
  - ReactiveCocoa/Core (2.1.8):
    - ReactiveCocoa/no-arc
  - ReactiveCocoa/no-arc (2.1.8)
  - RestKit (0.20.3):
    - RestKit/Core (= 0.20.3)
  - RestKit/Core (0.20.3):
    - RestKit/CoreData
    - RestKit/Network
    - RestKit/ObjectMapping
  - RestKit/CoreData (0.20.3)
  - RestKit/Network (0.20.3):
    - AFNetworking (~> 1.3.0)
    - RestKit/ObjectMapping
    - RestKit/Support
    - SOCKit
  - RestKit/ObjectMapping (0.20.3)
  - RestKit/Support (0.20.3):
    - TransitionKit (= 1.1.1)
  - SBJson4 (4.0.1)
  - SOCKit (1.1)
  - TransitionKit (1.1.1)
  - TSMessages (0.9.9):
    - HexColors (~> 2.2.0)

DEPENDENCIES:
  - ABPadLockScreen (~> 3.1)
  - ASIHTTPRequest (~> 1.8.1)
  - Crashlytics (~> 3.14.0)
  - DateTools (~> 1.0)
  - Fabric (~> 1.10.2)
  - Firebase/Analytics
  - IGFuture (~> 0.2.2)
  - Kiwi/XCTest
  - libextobjc (~> 0.3)
  - LRResty (~> 0.11.0)
  - M13Checkbox (~> 1.1)
  - MBProgressHUD (~> 0.7)
  - ReactiveCocoa (~> 2.1.6)
  - RestKit (~> 0.20.0)
  - SBJson4 (~> 4.0)
  - TSMessages (~> 0.9.4)

SPEC REPOS:
  trunk:
    - ABPadLockScreen
    - AFNetworking
    - ASIHTTPRequest
    - Crashlytics
    - DateTools
    - Fabric
    - Firebase
    - FirebaseAnalytics
    - FirebaseCore
    - FirebaseInstanceID
    - GoogleToolboxForMac
    - HexColors
    - IGFuture
    - Kiwi
    - libextobjc
    - LRResty
    - M13Checkbox
    - MBProgressHUD
    - nanopb
    - "NSData+Base64"
    - Reachability
    - ReactiveCocoa
    - RestKit
    - SBJson4
    - SOCKit
    - TransitionKit
    - TSMessages

SPEC CHECKSUMS:
  ABPadLockScreen: 1eaef70938bb2dd2a125d9d2fdcbaf7446b3e437
  AFNetworking: cf8e418e16f0c9c7e5c3150d019a3c679d015018
  ASIHTTPRequest: ec013992946676b7978dcbde6396d57312d21db4
  Crashlytics: 540b7e5f5da5a042647227a5e3ac51d85eed06df
  DateTools: 3187b794fd0e83e36c06395f7b773602e408f740
  Fabric: 706c8b8098fff96c33c0db69cbf81f9c551d0d74
  Firebase: 5ec5e863d269d82d66b4bf56856726f8fb8f0fb3
  FirebaseAnalytics: 7ef69e76a5142f643aeb47c780e1cdce4e23632e
  FirebaseCore: 90cb1c53d69b556f112a1bf72b5fcfaad7650790
  FirebaseInstanceID: 8d20d890d65c917f9f7d9950b6e10a760ad34321
  GoogleToolboxForMac: 91c824d21e85b31c2aae9bb011c5027c9b4e738f
  HexColors: abfd172e329dab59888614ccba6f216cec59289d
  IGFuture: 5d80469d99982907ca1f36f6c03f16eea890a967
  Kiwi: c58165bd21aba5c7541adec5ab55a238832808b9
  libextobjc: f2802d4262f6885570df9799747409ceb1de602c
  LRResty: 467e28055e87083e264cfff5a900818cc81a7e1e
  M13Checkbox: 99a4c0c780d606a2811d236b5ca744109ddee6b2
  MBProgressHUD: 8688c331cb64702283be37ab8d7d329cdd25f251
  nanopb: 18003b5e52dab79db540fe93fe9579f399bd1ccd
  "NSData+Base64": 4e84902c4db907a15673474677e57763ef3903e4
  Reachability: dd9aa4fb6667b9f787690a74f53cb7634ce99893
  ReactiveCocoa: f89f2e009a87951b50321bf9feb958823fcc617e
  RestKit: aac0c81c60d30fdd829d627d062f0eea231eb52c
  SBJson4: 33fb086791ad510a7f42747f207eba5a7b4b5cf9
  SOCKit: c7376ac262bea9115b8f749358f762522a47d392
  TransitionKit: aec4d65b2be460fec0db04f905e8bedca601d669
  TSMessages: a699f87fa9cb3d4e5fa8b7ce0897ee25bd25eeaf

PODFILE CHECKSUM: bcb60f3eb9c279ed845154274e49b8ae8dfbe7fa

COCOAPODS: 1.8.4
